
Microsoft Visual Studio Solution File, Format Version 12.00
# Visual Studio Version 17
VisualStudioVersion = 17.9.34616.47
MinimumVisualStudioVersion = 10.0.40219.1
Project("{FAE04EC0-301F-11D3-BF4B-00C04F79EFBC}") = "Collections Dictionary and SortedList", "Collections Dictionary and SortedList.csproj", "{BFC0FC92-EC4F-4B56-9AE2-08C635DA3781}"
EndProject
Global
	GlobalSection(SolutionConfigurationPlatforms) = preSolution
		Debug|Any CPU = Debug|Any CPU
		Release|Any CPU = Release|Any CPU
	EndGlobalSection
	GlobalSection(ProjectConfigurationPlatforms) = postSolution
		{BFC0FC92-EC4F-4B56-9AE2-08C635DA3781}.Debug|Any CPU.ActiveCfg = Debug|Any CPU
		{BFC0FC92-EC4F-4B56-9AE2-08C635DA3781}.Debug|Any CPU.Build.0 = Debug|Any CPU
		{BFC0FC92-EC4F-4B56-9AE2-08C635DA3781}.Release|Any CPU.ActiveCfg = Release|Any CPU
		{BFC0FC92-EC4F-4B56-9AE2-08C635DA3781}.Release|Any CPU.Build.0 = Release|Any CPU
	EndGlobalSection
	GlobalSection(SolutionProperties) = preSolution
		HideSolutionNode = FALSE
	EndGlobalSection
	GlobalSection(ExtensibilityGlobals) = postSolution
		SolutionGuid = {9797BD35-8382-4494-A322-3FBC9A0F89E2}
	EndGlobalSection
EndGlobal
